
Microsoft Visual Studio Solution File, Format Version 12.00
# Visual Studio 2012
Project("{D954291E-2A0B-460D-934E-DC6B0785DB48}") = "Tables", "Tables\Tables.shproj", "{7A32E3D7-509B-495A-A9DD-06526F071E82}"
EndProject
Project("{FAE04EC0-301F-11D3-BF4B-00C04F79EFBC}") = "Tables.iOS", "Tables.iOS\Tables.iOS.csproj", "{031FB4B3-4F19-4745-8FBA-F10D18D7E484}"
EndProject
Project("{FAE04EC0-301F-11D3-BF4B-00C04F79EFBC}") = "Tables.Droid", "Tables.Droid\Tables.Droid.csproj", "{5E2C2881-F1BD-4E8B-BEF0-39A1A2C9C0F9}"
EndProject
Project("{FAE04EC0-301F-11D3-BF4B-00C04F79EFBC}") = "Tables.iOS.Testing", "Tables.iOS.Testing\Tables.iOS.Testing.csproj", "{6E036F3F-CB01-453B-B5E3-8C25B75C3181}"
EndProject
Project("{FAE04EC0-301F-11D3-BF4B-00C04F79EFBC}") = "Tables.Droid.Testing", "Tables.Droid.Testing\Tables.Droid.Testing.csproj", "{0663E0E6-8870-4E32-B4D2-073CDBD4DD9E}"
EndProject
Global
	GlobalSection(SolutionConfigurationPlatforms) = preSolution
		Debug|Any CPU = Debug|Any CPU
		Release|Any CPU = Release|Any CPU
		Debug|iPhoneSimulator = Debug|iPhoneSimulator
		Release|iPhoneSimulator = Release|iPhoneSimulator
		Debug|iPhone = Debug|iPhone
		Release|iPhone = Release|iPhone
		Ad-Hoc|iPhone = Ad-Hoc|iPhone
		AppStore|iPhone = AppStore|iPhone
	EndGlobalSection
	GlobalSection(ProjectConfigurationPlatforms) = postSolution
		{031FB4B3-4F19-4745-8FBA-F10D18D7E484}.Ad-Hoc|iPhone.ActiveCfg = Debug|Any CPU
		{031FB4B3-4F19-4745-8FBA-F10D18D7E484}.Ad-Hoc|iPhone.Build.0 = Debug|Any CPU
		{031FB4B3-4F19-4745-8FBA-F10D18D7E484}.AppStore|iPhone.ActiveCfg = Debug|Any CPU
		{031FB4B3-4F19-4745-8FBA-F10D18D7E484}.AppStore|iPhone.Build.0 = Debug|Any CPU
		{031FB4B3-4F19-4745-8FBA-F10D18D7E484}.Debug|Any CPU.ActiveCfg = Debug|Any CPU
		{031FB4B3-4F19-4745-8FBA-F10D18D7E484}.Debug|Any CPU.Build.0 = Debug|Any CPU
		{031FB4B3-4F19-4745-8FBA-F10D18D7E484}.Debug|iPhone.ActiveCfg = Debug|Any CPU
		{031FB4B3-4F19-4745-8FBA-F10D18D7E484}.Debug|iPhone.Build.0 = Debug|Any CPU
		{031FB4B3-4F19-4745-8FBA-F10D18D7E484}.Debug|iPhoneSimulator.ActiveCfg = Debug|Any CPU
		{031FB4B3-4F19-4745-8FBA-F10D18D7E484}.Debug|iPhoneSimulator.Build.0 = Debug|Any CPU
		{031FB4B3-4F19-4745-8FBA-F10D18D7E484}.Release|Any CPU.ActiveCfg = Release|Any CPU
		{031FB4B3-4F19-4745-8FBA-F10D18D7E484}.Release|Any CPU.Build.0 = Release|Any CPU
		{031FB4B3-4F19-4745-8FBA-F10D18D7E484}.Release|iPhone.ActiveCfg = Release|Any CPU
		{031FB4B3-4F19-4745-8FBA-F10D18D7E484}.Release|iPhone.Build.0 = Release|Any CPU
		{031FB4B3-4F19-4745-8FBA-F10D18D7E484}.Release|iPhoneSimulator.ActiveCfg = Release|Any CPU
		{031FB4B3-4F19-4745-8FBA-F10D18D7E484}.Release|iPhoneSimulator.Build.0 = Release|Any CPU
		{0663E0E6-8870-4E32-B4D2-073CDBD4DD9E}.Ad-Hoc|iPhone.ActiveCfg = Release|Any CPU
		{0663E0E6-8870-4E32-B4D2-073CDBD4DD9E}.Ad-Hoc|iPhone.Build.0 = Release|Any CPU
		{0663E0E6-8870-4E32-B4D2-073CDBD4DD9E}.AppStore|iPhone.ActiveCfg = Release|Any CPU
		{0663E0E6-8870-4E32-B4D2-073CDBD4DD9E}.AppStore|iPhone.Build.0 = Release|Any CPU
		{0663E0E6-8870-4E32-B4D2-073CDBD4DD9E}.Debug|Any CPU.ActiveCfg = Debug|Any CPU
		{0663E0E6-8870-4E32-B4D2-073CDBD4DD9E}.Debug|Any CPU.Build.0 = Debug|Any CPU
		{0663E0E6-8870-4E32-B4D2-073CDBD4DD9E}.Debug|iPhone.ActiveCfg = Debug|Any CPU
		{0663E0E6-8870-4E32-B4D2-073CDBD4DD9E}.Debug|iPhone.Build.0 = Debug|Any CPU
		{0663E0E6-8870-4E32-B4D2-073CDBD4DD9E}.Debug|iPhoneSimulator.ActiveCfg = Debug|Any CPU
		{0663E0E6-8870-4E32-B4D2-073CDBD4DD9E}.Debug|iPhoneSimulator.Build.0 = Debug|Any CPU
		{0663E0E6-8870-4E32-B4D2-073CDBD4DD9E}.Release|Any CPU.ActiveCfg = Release|Any CPU
		{0663E0E6-8870-4E32-B4D2-073CDBD4DD9E}.Release|Any CPU.Build.0 = Release|Any CPU
		{0663E0E6-8870-4E32-B4D2-073CDBD4DD9E}.Release|iPhone.ActiveCfg = Release|Any CPU
		{0663E0E6-8870-4E32-B4D2-073CDBD4DD9E}.Release|iPhone.Build.0 = Release|Any CPU
		{0663E0E6-8870-4E32-B4D2-073CDBD4DD9E}.Release|iPhoneSimulator.ActiveCfg = Release|Any CPU
		{0663E0E6-8870-4E32-B4D2-073CDBD4DD9E}.Release|iPhoneSimulator.Build.0 = Release|Any CPU
		{5E2C2881-F1BD-4E8B-BEF0-39A1A2C9C0F9}.Ad-Hoc|iPhone.ActiveCfg = Debug|Any CPU
		{5E2C2881-F1BD-4E8B-BEF0-39A1A2C9C0F9}.Ad-Hoc|iPhone.Build.0 = Debug|Any CPU
		{5E2C2881-F1BD-4E8B-BEF0-39A1A2C9C0F9}.AppStore|iPhone.ActiveCfg = Debug|Any CPU
		{5E2C2881-F1BD-4E8B-BEF0-39A1A2C9C0F9}.AppStore|iPhone.Build.0 = Debug|Any CPU
		{5E2C2881-F1BD-4E8B-BEF0-39A1A2C9C0F9}.Debug|Any CPU.ActiveCfg = Debug|Any CPU
		{5E2C2881-F1BD-4E8B-BEF0-39A1A2C9C0F9}.Debug|Any CPU.Build.0 = Debug|Any CPU
		{5E2C2881-F1BD-4E8B-BEF0-39A1A2C9C0F9}.Debug|iPhone.ActiveCfg = Debug|Any CPU
		{5E2C2881-F1BD-4E8B-BEF0-39A1A2C9C0F9}.Debug|iPhone.Build.0 = Debug|Any CPU
		{5E2C2881-F1BD-4E8B-BEF0-39A1A2C9C0F9}.Debug|iPhoneSimulator.ActiveCfg = Debug|Any CPU
		{5E2C2881-F1BD-4E8B-BEF0-39A1A2C9C0F9}.Debug|iPhoneSimulator.Build.0 = Debug|Any CPU
		{5E2C2881-F1BD-4E8B-BEF0-39A1A2C9C0F9}.Release|Any CPU.ActiveCfg = Release|Any CPU
		{5E2C2881-F1BD-4E8B-BEF0-39A1A2C9C0F9}.Release|Any CPU.Build.0 = Release|Any CPU
		{5E2C2881-F1BD-4E8B-BEF0-39A1A2C9C0F9}.Release|iPhone.ActiveCfg = Release|Any CPU
		{5E2C2881-F1BD-4E8B-BEF0-39A1A2C9C0F9}.Release|iPhone.Build.0 = Release|Any CPU
		{5E2C2881-F1BD-4E8B-BEF0-39A1A2C9C0F9}.Release|iPhoneSimulator.ActiveCfg = Release|Any CPU
		{5E2C2881-F1BD-4E8B-BEF0-39A1A2C9C0F9}.Release|iPhoneSimulator.Build.0 = Release|Any CPU
		{6E036F3F-CB01-453B-B5E3-8C25B75C3181}.Ad-Hoc|iPhone.ActiveCfg = Ad-Hoc|iPhone
		{6E036F3F-CB01-453B-B5E3-8C25B75C3181}.Ad-Hoc|iPhone.Build.0 = Ad-Hoc|iPhone
		{6E036F3F-CB01-453B-B5E3-8C25B75C3181}.AppStore|iPhone.ActiveCfg = AppStore|iPhone
		{6E036F3F-CB01-453B-B5E3-8C25B75C3181}.AppStore|iPhone.Build.0 = AppStore|iPhone
		{6E036F3F-CB01-453B-B5E3-8C25B75C3181}.Debug|Any CPU.ActiveCfg = Debug|iPhoneSimulator
		{6E036F3F-CB01-453B-B5E3-8C25B75C3181}.Debug|Any CPU.Build.0 = Debug|iPhoneSimulator
		{6E036F3F-CB01-453B-B5E3-8C25B75C3181}.Debug|iPhone.ActiveCfg = Debug|iPhone
		{6E036F3F-CB01-453B-B5E3-8C25B75C3181}.Debug|iPhone.Build.0 = Debug|iPhone
		{6E036F3F-CB01-453B-B5E3-8C25B75C3181}.Debug|iPhoneSimulator.ActiveCfg = Debug|iPhoneSimulator
		{6E036F3F-CB01-453B-B5E3-8C25B75C3181}.Debug|iPhoneSimulator.Build.0 = Debug|iPhoneSimulator
		{6E036F3F-CB01-453B-B5E3-8C25B75C3181}.Release|Any CPU.ActiveCfg = Release|iPhoneSimulator
		{6E036F3F-CB01-453B-B5E3-8C25B75C3181}.Release|Any CPU.Build.0 = Release|iPhoneSimulator
		{6E036F3F-CB01-453B-B5E3-8C25B75C3181}.Release|iPhone.ActiveCfg = Release|iPhone
		{6E036F3F-CB01-453B-B5E3-8C25B75C3181}.Release|iPhone.Build.0 = Release|iPhone
		{6E036F3F-CB01-453B-B5E3-8C25B75C3181}.Release|iPhoneSimulator.ActiveCfg = Release|iPhoneSimulator
		{6E036F3F-CB01-453B-B5E3-8C25B75C3181}.Release|iPhoneSimulator.Build.0 = Release|iPhoneSimulator
	EndGlobalSection
	GlobalSection(MonoDevelopProperties) = preSolution
		StartupItem = Tables.Droid.Testing\Tables.Droid.Testing.csproj
	EndGlobalSection
EndGlobal
